// !$*UTF8*$!
{
	archiveVersion = 1;
	classes = {
	};
	objectVersion = 46;
	objects = {

/* Begin PBXBuildFile section */
		3BF8D6B01E9E124700613866 /* AppDelegate.swift in Sources */ = {isa = PBXBuildFile; fileRef = 3BF8D6AF1E9E124700613866 /* AppDelegate.swift */; };
		3BF8D6B21E9E124700613866 /* ViewController.swift in Sources */ = {isa = PBXBuildFile; fileRef = 3BF8D6B11E9E124700613866 /* ViewController.swift */; };
		3BF8D6B51E9E124700613866 /* Main.storyboard in Resources */ = {isa = PBXBuildFile; fileRef = 3BF8D6B31E9E124700613866 /* Main.storyboard */; };
		3BF8D6B71E9E124800613866 /* Assets.xcassets in Resources */ = {isa = PBXBuildFile; fileRef = 3BF8D6B61E9E124800613866 /* Assets.xcassets */; };
		3BF8D6BA1E9E124800613866 /* LaunchScreen.storyboard in Resources */ = {isa = PBXBuildFile; fileRef = 3BF8D6B81E9E124800613866 /* LaunchScreen.storyboard */; };
		3BF8D6C51E9E124800613866 /* animationTests.swift in Sources */ = {isa = PBXBuildFile; fileRef = 3BF8D6C41E9E124800613866 /* animationTests.swift */; };
		3BF8D6D01E9E124800613866 /* animationUITests.swift in Sources */ = {isa = PBXBuildFile; fileRef = 3BF8D6CF1E9E124800613866 /* animationUITests.swift */; };
		3BF8D6DE1E9E161900613866 /* TableViewController.swift in Sources */ = {isa = PBXBuildFile; fileRef = 3BF8D6DD1E9E161900613866 /* TableViewController.swift */; };
		3BF8D6E01E9E166E00613866 /* ButtonViewController.swift in Sources */ = {isa = PBXBuildFile; fileRef = 3BF8D6DF1E9E166E00613866 /* ButtonViewController.swift */; };
/* End PBXBuildFile section */

/* Begin PBXContainerItemProxy section */
		3BF8D6C11E9E124800613866 /* PBXContainerItemProxy */ = {
			isa = PBXContainerItemProxy;
			containerPortal = 3BF8D6A41E9E124700613866 /* Project object */;
			proxyType = 1;
			remoteGlobalIDString = 3BF8D6AB1E9E124700613866;
			remoteInfo = animation;
		};
		3BF8D6CC1E9E124800613866 /* PBXContainerItemProxy */ = {
			isa = PBXContainerItemProxy;
			containerPortal = 3BF8D6A41E9E124700613866 /* Project object */;
			proxyType = 1;
			remoteGlobalIDString = 3BF8D6AB1E9E124700613866;
			remoteInfo = animation;
		};
/* End PBXContainerItemProxy section */

/* Begin PBXFileReference section */
		3BF8D6AC1E9E124700613866 /* animation.app */ = {isa = PBXFileReference; explicitFileType = wrapper.application; includeInIndex = 0; path = animation.app; sourceTree = BUILT_PRODUCTS_DIR; };
		3BF8D6AF1E9E124700613866 /* AppDelegate.swift */ = {isa = PBXFileReference; lastKnownFileType = sourcecode.swift; path = AppDelegate.swift; sourceTree = "<group>"; };
		3BF8D6B11E9E124700613866 /* ViewController.swift */ = {isa = PBXFileReference; lastKnownFileType = sourcecode.swift; path = ViewController.swift; sourceTree = "<group>"; };
		3BF8D6B41E9E124700613866 /* Base */ = {isa = PBXFileReference; lastKnownFileType = file.storyboard; name = Base; path = Base.lproj/Main.storyboard; sourceTree = "<group>"; };
		3BF8D6B61E9E124800613866 /* Assets.xcassets */ = {isa = PBXFileReference; lastKnownFileType = folder.assetcatalog; path = Assets.xcassets; sourceTree = "<group>"; };
		3BF8D6B91E9E124800613866 /* Base */ = {isa = PBXFileReference; lastKnownFileType = file.storyboard; name = Base; path = Base.lproj/LaunchScreen.storyboard; sourceTree = "<group>"; };
		3BF8D6BB1E9E124800613866 /* Info.plist */ = {isa = PBXFileReference; lastKnownFileType = text.plist.xml; path = Info.plist; sourceTree = "<group>"; };
		3BF8D6C01E9E124800613866 /* animationTests.xctest */ = {isa = PBXFileReference; explicitFileType = wrapper.cfbundle; includeInIndex = 0; path = animationTests.xctest; sourceTree = BUILT_PRODUCTS_DIR; };
		3BF8D6C41E9E124800613866 /* animationTests.swift */ = {isa = PBXFileReference; lastKnownFileType = sourcecode.swift; path = animationTests.swift; sourceTree = "<group>"; };
		3BF8D6C61E9E124800613866 /* Info.plist */ = {isa = PBXFileReference; lastKnownFileType = text.plist.xml; path = Info.plist; sourceTree = "<group>"; };
		3BF8D6CB1E9E124800613866 /* animationUITests.xctest */ = {isa = PBXFileReference; explicitFileType = wrapper.cfbundle; includeInIndex = 0; path = animationUITests.xctest; sourceTree = BUILT_PRODUCTS_DIR; };
		3BF8D6CF1E9E124800613866 /* animationUITests.swift */ = {isa = PBXFileReference; lastKnownFileType = sourcecode.swift; path = animationUITests.swift; sourceTree = "<group>"; };
		3BF8D6D11E9E124800613866 /* Info.plist */ = {isa = PBXFileReference; lastKnownFileType = text.plist.xml; path = Info.plist; sourceTree = "<group>"; };
		3BF8D6DD1E9E161900613866 /* TableViewController.swift */ = {isa = PBXFileReference; fileEncoding = 4; lastKnownFileType = sourcecode.swift; path = TableViewController.swift; sourceTree = "<group>"; };
		3BF8D6DF1E9E166E00613866 /* ButtonViewController.swift */ = {isa = PBXFileReference; fileEncoding = 4; lastKnownFileType = sourcecode.swift; path = ButtonViewController.swift; sourceTree = "<group>"; };
/* End PBXFileReference section */

/* Begin PBXFrameworksBuildPhase section */
		3BF8D6A91E9E124700613866 /* Frameworks */ = {
			isa = PBXFrameworksBuildPhase;
			buildActionMask = 2147483647;
			files = (
			);
			runOnlyForDeploymentPostprocessing = 0;
		};
		3BF8D6BD1E9E124800613866 /* Frameworks */ = {
			isa = PBXFrameworksBuildPhase;
			buildActionMask = 2147483647;
			files = (
			);
			runOnlyForDeploymentPostprocessing = 0;
		};
		3BF8D6C81E9E124800613866 /* Frameworks */ = {
			isa = PBXFrameworksBuildPhase;
			buildActionMask = 2147483647;
			files = (
			);
			runOnlyForDeploymentPostprocessing = 0;
		};
/* End PBXFrameworksBuildPhase section */

/* Begin PBXGroup section */
		3BF8D6A31E9E124700613866 = {
			isa = PBXGroup;
			children = (
				3BF8D6AE1E9E124700613866 /* animation */,
				3BF8D6C31E9E124800613866 /* animationTests */,
				3BF8D6CE1E9E124800613866 /* animationUITests */,
				3BF8D6AD1E9E124700613866 /* Products */,
			);
			sourceTree = "<group>";
		};
		3BF8D6AD1E9E124700613866 /* Products */ = {
			isa = PBXGroup;
			children = (
				3BF8D6AC1E9E124700613866 /* animation.app */,
				3BF8D6C01E9E124800613866 /* animationTests.xctest */,
				3BF8D6CB1E9E124800613866 /* animationUITests.xctest */,
			);
			name = Products;
			sourceTree = "<group>";
		};
		3BF8D6AE1E9E124700613866 /* animation */ = {
			isa = PBXGroup;
			children = (
				3BF8D6AF1E9E124700613866 /* AppDelegate.swift */,
				3BF8D6B11E9E124700613866 /* ViewController.swift */,
				3BF8D6B31E9E124700613866 /* Main.storyboard */,
				3BF8D6B61E9E124800613866 /* Assets.xcassets */,
				3BF8D6B81E9E124800613866 /* LaunchScreen.storyboard */,
				3BF8D6BB1E9E124800613866 /* Info.plist */,
				3BF8D6DD1E9E161900613866 /* TableViewController.swift */,
				3BF8D6DF1E9E166E00613866 /* ButtonViewController.swift */,
			);
			path = animation;
			sourceTree = "<group>";
		};
		3BF8D6C31E9E124800613866 /* animationTests */ = {
			isa = PBXGroup;
			children = (
				3BF8D6C41E9E124800613866 /* animationTests.swift */,
				3BF8D6C61E9E124800613866 /* Info.plist */,
			);
			path = animationTests;
			sourceTree = "<group>";
		};
		3BF8D6CE1E9E124800613866 /* animationUITests */ = {
			isa = PBXGroup;
			children = (
				3BF8D6CF1E9E124800613866 /* animationUITests.swift */,
				3BF8D6D11E9E124800613866 /* Info.plist */,
			);
			path = animationUITests;
			sourceTree = "<group>";
		};
/* End PBXGroup section */

/* Begin PBXNativeTarget section */
		3BF8D6AB1E9E124700613866 /* animation */ = {
			isa = PBXNativeTarget;
			buildConfigurationList = 3BF8D6D41E9E124800613866 /* Build configuration list for PBXNativeTarget "animation" */;
			buildPhases = (
				3BF8D6A81E9E124700613866 /* Sources */,
				3BF8D6A91E9E124700613866 /* Frameworks */,
				3BF8D6AA1E9E124700613866 /* Resources */,
			);
			buildRules = (
			);
			dependencies = (
			);
			name = animation;
			productName = animation;
			productReference = 3BF8D6AC1E9E124700613866 /* animation.app */;
			productType = "com.apple.product-type.application";
		};
		3BF8D6BF1E9E124800613866 /* animationTests */ = {
			isa = PBXNativeTarget;
			buildConfigurationList = 3BF8D6D71E9E124800613866 /* Build configuration list for PBXNativeTarget "animationTests" */;
			buildPhases = (
				3BF8D6BC1E9E124800613866 /* Sources */,
				3BF8D6BD1E9E124800613866 /* Frameworks */,
				3BF8D6BE1E9E124800613866 /* Resources */,
			);
			buildRules = (
			);
			dependencies = (
				3BF8D6C21E9E124800613866 /* PBXTargetDependency */,
			);
			name = animationTests;
			productName = animationTests;
			productReference = 3BF8D6C01E9E124800613866 /* animationTests.xctest */;
			productType = "com.apple.product-type.bundle.unit-test";
		};
		3BF8D6CA1E9E124800613866 /* animationUITests */ = {
			isa = PBXNativeTarget;
			buildConfigurationList = 3BF8D6DA1E9E124800613866 /* Build configuration list for PBXNativeTarget "animationUITests" */;
			buildPhases = (
				3BF8D6C71E9E124800613866 /* Sources */,
				3BF8D6C81E9E124800613866 /* Frameworks */,
				3BF8D6C91E9E124800613866 /* Resources */,
			);
			buildRules = (
			);
			dependencies = (
				3BF8D6CD1E9E124800613866 /* PBXTargetDependency */,
			);
			name = animationUITests;
			productName = animationUITests;
			productReference = 3BF8D6CB1E9E124800613866 /* animationUITests.xctest */;
			productType = "com.apple.product-type.bundle.ui-testing";
		};
/* End PBXNativeTarget section */

/* Begin PBXProject section */
		3BF8D6A41E9E124700613866 /* Project object */ = {
			isa = PBXProject;
			attributes = {
				LastSwiftUpdateCheck = 0830;
				LastUpgradeCheck = 0830;
				ORGANIZATIONNAME = HoangDV;
				TargetAttributes = {
					3BF8D6AB1E9E124700613866 = {
						CreatedOnToolsVersion = 8.3;
						ProvisioningStyle = Automatic;
					};
					3BF8D6BF1E9E124800613866 = {
						CreatedOnToolsVersion = 8.3;
						ProvisioningStyle = Automatic;
						TestTargetID = 3BF8D6AB1E9E124700613866;
					};
					3BF8D6CA1E9E124800613866 = {
						CreatedOnToolsVersion = 8.3;
						ProvisioningStyle = Automatic;
						TestTargetID = 3BF8D6AB1E9E124700613866;
					};
				};
			};
			buildConfigurationList = 3BF8D6A71E9E124700613866 /* Build configuration list for PBXProject "animation" */;
			compatibilityVersion = "Xcode 3.2";
			developmentRegion = English;
			hasScannedForEncodings = 0;
			knownRegions = (
				en,
				Base,
			);
			mainGroup = 3BF8D6A31E9E124700613866;
			productRefGroup = 3BF8D6AD1E9E124700613866 /* Products */;
			projectDirPath = "";
			projectRoot = "";
			targets = (
				3BF8D6AB1E9E124700613866 /* animation */,
				3BF8D6BF1E9E124800613866 /* animationTests */,
				3BF8D6CA1E9E124800613866 /* animationUITests */,
			);
		};
/* End PBXProject section */

/* Begin PBXResourcesBuildPhase section */
		3BF8D6AA1E9E124700613866 /* Resources */ = {
			isa = PBXResourcesBuildPhase;
			buildActionMask = 2147483647;
			files = (
				3BF8D6BA1E9E124800613866 /* LaunchScreen.storyboard in Resources */,
				3BF8D6B71E9E124800613866 /* Assets.xcassets in Resources */,
				3BF8D6B51E9E124700613866 /* Main.storyboard in Resources */,
			);
			runOnlyForDeploymentPostprocessing = 0;
		};
		3BF8D6BE1E9E124800613866 /* Resources */ = {
			isa = PBXResourcesBuildPhase;
			buildActionMask = 2147483647;
			files = (
			);
			runOnlyForDeploymentPostprocessing = 0;
		};
		3BF8D6C91E9E124800613866 /* Resources */ = {
			isa = PBXResourcesBuildPhase;
			buildActionMask = 2147483647;
			files = (
			);
			runOnlyForDeploymentPostprocessing = 0;
		};
/* End PBXResourcesBuildPhase section */

/* Begin PBXSourcesBuildPhase section */
		3BF8D6A81E9E124700613866 /* Sources */ = {
			isa = PBXSourcesBuildPhase;
			buildActionMask = 2147483647;
			files = (
				3BF8D6E01E9E166E00613866 /* ButtonViewController.swift in Sources */,
				3BF8D6B21E9E124700613866 /* ViewController.swift in Sources */,
				3BF8D6DE1E9E161900613866 /* TableViewController.swift in Sources */,
				3BF8D6B01E9E124700613866 /* AppDelegate.swift in Sources */,
			);
			runOnlyForDeploymentPostprocessing = 0;
		};
		3BF8D6BC1E9E124800613866 /* Sources */ = {
			isa = PBXSourcesBuildPhase;
			buildActionMask = 2147483647;
			files = (
				3BF8D6C51E9E124800613866 /* animationTests.swift in Sources */,
			);
			runOnlyForDeploymentPostprocessing = 0;
		};
		3BF8D6C71E9E124800613866 /* Sources */ = {
			isa = PBXSourcesBuildPhase;
			buildActionMask = 2147483647;
			files = (
				3BF8D6D01E9E124800613866 /* animationUITests.swift in Sources */,
			);
			runOnlyForDeploymentPostprocessing = 0;
		};
/* End PBXSourcesBuildPhase section */

/* Begin PBXTargetDependency section */
		3BF8D6C21E9E124800613866 /* PBXTargetDependency */ = {
			isa = PBXTargetDependency;
			target = 3BF8D6AB1E9E124700613866 /* animation */;
			targetProxy = 3BF8D6C11E9E124800613866 /* PBXContainerItemProxy */;
		};
		3BF8D6CD1E9E124800613866 /* PBXTargetDependency */ = {
			isa = PBXTargetDependency;
			target = 3BF8D6AB1E9E124700613866 /* animation */;
			targetProxy = 3BF8D6CC1E9E124800613866 /* PBXContainerItemProxy */;
		};
/* End PBXTargetDependency section */

/* Begin PBXVariantGroup section */
		3BF8D6B31E9E124700613866 /* Main.storyboard */ = {
			isa = PBXVariantGroup;
			children = (
				3BF8D6B41E9E124700613866 /* Base */,
			);
			name = Main.storyboard;
			sourceTree = "<group>";
		};
		3BF8D6B81E9E124800613866 /* LaunchScreen.storyboard */ = {
			isa = PBXVariantGroup;
			children = (
				3BF8D6B91E9E124800613866 /* Base */,
			);
			name = LaunchScreen.storyboard;
			sourceTree = "<group>";
		};
/* End PBXVariantGroup section */

/* Begin XCBuildConfiguration section */
		3BF8D6D21E9E124800613866 /* Debug */ = {
			isa = XCBuildConfiguration;
			buildSettings = {
				ALWAYS_SEARCH_USER_PATHS = NO;
				CLANG_ANALYZER_NONNULL = YES;
				CLANG_ANALYZER_NUMBER_OBJECT_CONVERSION = YES_AGGRESSIVE;
				CLANG_CXX_LANGUAGE_STANDARD = "gnu++0x";
				CLANG_CXX_LIBRARY = "libc++";
				CLANG_ENABLE_MODULES = YES;
				CLANG_ENABLE_OBJC_ARC = YES;
				CLANG_WARN_BOOL_CONVERSION = YES;
				CLANG_WARN_CONSTANT_CONVERSION = YES;
				CLANG_WARN_DIRECT_OBJC_ISA_USAGE = YES_ERROR;
				CLANG_WARN_DOCUMENTATION_COMMENTS = YES;
				CLANG_WARN_EMPTY_BODY = YES;
				CLANG_WARN_ENUM_CONVERSION = YES;
				CLANG_WARN_INFINITE_RECURSION = YES;
				CLANG_WARN_INT_CONVERSION = YES;
				CLANG_WARN_OBJC_ROOT_CLASS = YES_ERROR;
				CLANG_WARN_SUSPICIOUS_MOVE = YES;
				CLANG_WARN_UNREACHABLE_CODE = YES;
				CLANG_WARN__DUPLICATE_METHOD_MATCH = YES;
				"CODE_SIGN_IDENTITY[sdk=iphoneos*]" = "iPhone Developer";
				COPY_PHASE_STRIP = NO;
				DEBUG_INFORMATION_FORMAT = dwarf;
				ENABLE_STRICT_OBJC_MSGSEND = YES;
				ENABLE_TESTABILITY = YES;
				GCC_C_LANGUAGE_STANDARD = gnu99;
				GCC_DYNAMIC_NO_PIC = NO;
				GCC_NO_COMMON_BLOCKS = YES;
				GCC_OPTIMIZATION_LEVEL = 0;
				GCC_PREPROCESSOR_DEFINITIONS = (
					"DEBUG=1",
					"$(inherited)",
				);
				GCC_WARN_64_TO_32_BIT_CONVERSION = YES;
				GCC_WARN_ABOUT_RETURN_TYPE = YES_ERROR;
				GCC_WARN_UNDECLARED_SELECTOR = YES;
				GCC_WARN_UNINITIALIZED_AUTOS = YES_AGGRESSIVE;
				GCC_WARN_UNUSED_FUNCTION = YES;
				GCC_WARN_UNUSED_VARIABLE = YES;
				IPHONEOS_DEPLOYMENT_TARGET = 10.3;
				MTL_ENABLE_DEBUG_INFO = YES;
				ONLY_ACTIVE_ARCH = YES;
				SDKROOT = iphoneos;
				SWIFT_ACTIVE_COMPILATION_CONDITIONS = DEBUG;
				SWIFT_OPTIMIZATION_LEVEL = "-Onone";
			};
			name = Debug;
		};
		3BF8D6D31E9E124800613866 /* Release */ = {
			isa = XCBuildConfiguration;
			buildSettings = {
				ALWAYS_SEARCH_USER_PATHS = NO;
				CLANG_ANALYZER_NONNULL = YES;
				CLANG_ANALYZER_NUMBER_OBJECT_CONVERSION = YES_AGGRESSIVE;
				CLANG_CXX_LANGUAGE_STANDARD = "gnu++0x";
				CLANG_CXX_LIBRARY = "libc++";
				CLANG_ENABLE_MODULES = YES;
				CLANG_ENABLE_OBJC_ARC = YES;
				CLANG_WARN_BOOL_CONVERSION = YES;
				CLANG_WARN_CONSTANT_CONVERSION = YES;
				CLANG_WARN_DIRECT_OBJC_ISA_USAGE = YES_ERROR;
				CLANG_WARN_DOCUMENTATION_COMMENTS = YES;
				CLANG_WARN_EMPTY_BODY = YES;
				CLANG_WARN_ENUM_CONVERSION = YES;
				CLANG_WARN_INFINITE_RECURSION = YES;
				CLANG_WARN_INT_CONVERSION = YES;
				CLANG_WARN_OBJC_ROOT_CLASS = YES_ERROR;
				CLANG_WARN_SUSPICIOUS_MOVE = YES;
				CLANG_WARN_UNREACHABLE_CODE = YES;
				CLANG_WARN__DUPLICATE_METHOD_MATCH = YES;
				"CODE_SIGN_IDENTITY[sdk=iphoneos*]" = "iPhone Developer";
				COPY_PHASE_STRIP = NO;
				DEBUG_INFORMATION_FORMAT = "dwarf-with-dsym";
				ENABLE_NS_ASSERTIONS = NO;
				ENABLE_STRICT_OBJC_MSGSEND = YES;
				GCC_C_LANGUAGE_STANDARD = gnu99;
				GCC_NO_COMMON_BLOCKS = YES;
				GCC_WARN_64_TO_32_BIT_CONVERSION = YES;
				GCC_WARN_ABOUT_RETURN_TYPE = YES_ERROR;
				GCC_WARN_UNDECLARED_SELECTOR = YES;
				GCC_WARN_UNINITIALIZED_AUTOS = YES_AGGRESSIVE;
				GCC_WARN_UNUSED_FUNCTION = YES;
				GCC_WARN_UNUSED_VARIABLE = YES;
				IPHONEOS_DEPLOYMENT_TARGET = 10.3;
				MTL_ENABLE_DEBUG_INFO = NO;
				SDKROOT = iphoneos;
				SWIFT_OPTIMIZATION_LEVEL = "-Owholemodule";
				VALIDATE_PRODUCT = YES;
			};
			name = Release;
		};
		3BF8D6D51E9E124800613866 /* Debug */ = {
			isa = XCBuildConfiguration;
			buildSettings = {
				ASSETCATALOG_COMPILER_APPICON_NAME = AppIcon;
				INFOPLIST_FILE = animation/Info.plist;
				LD_RUNPATH_SEARCH_PATHS = "$(inherited) @executable_path/Frameworks";
				PRODUCT_BUNDLE_IDENTIFIER = com.animation.animation;
				PRODUCT_NAME = "$(TARGET_NAME)";
				SWIFT_VERSION = 3.0;
			};
			name = Debug;
		};
		3BF8D6D61E9E124800613866 /* Release */ = {
			isa = XCBuildConfiguration;
			buildSettings = {
				ASSETCATALOG_COMPILER_APPICON_NAME = AppIcon;
				INFOPLIST_FILE = animation/Info.plist;
				LD_RUNPATH_SEARCH_PATHS = "$(inherited) @executable_path/Frameworks";
				PRODUCT_BUNDLE_IDENTIFIER = com.animation.animation;
				PRODUCT_NAME = "$(TARGET_NAME)";
				SWIFT_VERSION = 3.0;
			};
			name = Release;
		};
		3BF8D6D81E9E124800613866 /* Debug */ = {
			isa = XCBuildConfiguration;
			buildSettings = {
				ALWAYS_EMBED_SWIFT_STANDARD_LIBRARIES = YES;
				BUNDLE_LOADER = "$(TEST_HOST)";
				INFOPLIST_FILE = animationTests/Info.plist;
				LD_RUNPATH_SEARCH_PATHS = "$(inherited) @executable_path/Frameworks @loader_path/Frameworks";
				PRODUCT_BUNDLE_IDENTIFIER = com.animation.animationTests;
				PRODUCT_NAME = "$(TARGET_NAME)";
				SWIFT_VERSION = 3.0;
				TEST_HOST = "$(BUILT_PRODUCTS_DIR)/animation.app/animation";
			};
			name = Debug;
		};
		3BF8D6D91E9E124800613866 /* Release */ = {
			isa = XCBuildConfiguration;
			buildSettings = {
				ALWAYS_EMBED_SWIFT_STANDARD_LIBRARIES = YES;
				BUNDLE_LOADER = "$(TEST_HOST)";
				INFOPLIST_FILE = animationTests/Info.plist;
				LD_RUNPATH_SEARCH_PATHS = "$(inherited) @executable_path/Frameworks @loader_path/Frameworks";
				PRODUCT_BUNDLE_IDENTIFIER = com.animation.animationTests;
				PRODUCT_NAME = "$(TARGET_NAME)";
				SWIFT_VERSION = 3.0;
				TEST_HOST = "$(BUILT_PRODUCTS_DIR)/animation.app/animation";
			};
			name = Release;
		};
		3BF8D6DB1E9E124800613866 /* Debug */ = {
			isa = XCBuildConfiguration;
			buildSettings = {
				ALWAYS_EMBED_SWIFT_STANDARD_LIBRARIES = YES;
				INFOPLIST_FILE = animationUITests/Info.plist;
				LD_RUNPATH_SEARCH_PATHS = "$(inherited) @executable_path/Frameworks @loader_path/Frameworks";
				PRODUCT_BUNDLE_IDENTIFIER = com.animation.animationUITests;
				PRODUCT_NAME = "$(TARGET_NAME)";
				SWIFT_VERSION = 3.0;
				TEST_TARGET_NAME = animation;
			};
			name = Debug;
		};
		3BF8D6DC1E9E124800613866 /* Release */ = {
			isa = XCBuildConfiguration;
			buildSettings = {
				ALWAYS_EMBED_SWIFT_STANDARD_LIBRARIES = YES;
				INFOPLIST_FILE = animationUITests/Info.plist;
				LD_RUNPATH_SEARCH_PATHS = "$(inherited) @executable_path/Frameworks @loader_path/Frameworks";
				PRODUCT_BUNDLE_IDENTIFIER = com.animation.animationUITests;
				PRODUCT_NAME = "$(TARGET_NAME)";
				SWIFT_VERSION = 3.0;
				TEST_TARGET_NAME = animation;
			};
			name = Release;
		};
/* End XCBuildConfiguration section */

/* Begin XCConfigurationList section */
		3BF8D6A71E9E124700613866 /* Build configuration list for PBXProject "animation" */ = {
			isa = XCConfigurationList;
			buildConfigurations = (
				3BF8D6D21E9E124800613866 /* Debug */,
				3BF8D6D31E9E124800613866 /* Release */,
			);
			defaultConfigurationIsVisible = 0;
			defaultConfigurationName = Release;
		};
		3BF8D6D41E9E124800613866 /* Build configuration list for PBXNativeTarget "animation" */ = {
			isa = XCConfigurationList;
			buildConfigurations = (
				3BF8D6D51E9E124800613866 /* Debug */,
				3BF8D6D61E9E124800613866 /* Release */,
			);
			defaultConfigurationIsVisible = 0;
		};
		3BF8D6D71E9E124800613866 /* Build configuration list for PBXNativeTarget "animationTests" */ = {
			isa = XCConfigurationList;
			buildConfigurations = (
				3BF8D6D81E9E124800613866 /* Debug */,
				3BF8D6D91E9E124800613866 /* Release */,
			);
			defaultConfigurationIsVisible = 0;
		};
		3BF8D6DA1E9E124800613866 /* Build configuration list for PBXNativeTarget "animationUITests" */ = {
			isa = XCConfigurationList;
			buildConfigurations = (
				3BF8D6DB1E9E124800613866 /* Debug */,
				3BF8D6DC1E9E124800613866 /* Release */,
			);
			defaultConfigurationIsVisible = 0;
		};
/* End XCConfigurationList section */
	};
	rootObject = 3BF8D6A41E9E124700613866 /* Project object */;
}
